
Microsoft Visual Studio Solution File, Format Version 12.00
# Visual Studio 14
VisualStudioVersion = 14.0.25420.1
MinimumVisualStudioVersion = 10.0.40219.1
Project("{2150E333-8FDC-42A3-9474-1A3956D46DE8}") = "Documents", "Documents", "{FBBFECF2-F459-4180-8D27-30707EA3D91F}"
	ProjectSection(SolutionItems) = preProject
		Listing.txt = Listing.txt
	EndProjectSection
EndProject
Project("{2150E333-8FDC-42A3-9474-1A3956D46DE8}") = "Host", "Host", "{50B4AFCA-1397-4673-9D9A-9C226F2ECDD1}"
EndProject
Project("{FAE04EC0-301F-11D3-BF4B-00C04F79EFBC}") = "TopHost", "TopHost\TopHost.csproj", "{254CCDAB-1D9E-419F-B2AB-F25B77B67791}"
EndProject
Project("{2150E333-8FDC-42A3-9474-1A3956D46DE8}") = "TopShelf", "TopShelf", "{737A4356-C956-4F3C-8BE8-F6C3C21D6623}"
EndProject
Project("{2150E333-8FDC-42A3-9474-1A3956D46DE8}") = "Foundation", "Foundation", "{7F5B82BB-EE08-4CB0-B3E5-1EF15B841956}"
EndProject
Project("{FAE04EC0-301F-11D3-BF4B-00C04F79EFBC}") = "LoggerLib", "LoggerLib\LoggerLib.csproj", "{8B7F46FA-6A86-47ED-82F6-C646D09250B6}"
EndProject
Project("{FAE04EC0-301F-11D3-BF4B-00C04F79EFBC}") = "Structure", "StructureMap\Structure.csproj", "{447CA478-407D-4A99-A8D7-FFCEB5CF7277}"
EndProject
Project("{2150E333-8FDC-42A3-9474-1A3956D46DE8}") = "ClientUI", "ClientUI", "{F30964C7-0FCE-4A84-8C7B-6FD9361F1CBC}"
EndProject
Project("{FAE04EC0-301F-11D3-BF4B-00C04F79EFBC}") = "TaskLiftToUI", "ModelPicker\TaskLiftToUI.csproj", "{7C54664A-092B-4249-9CCD-4BA99578977B}"
EndProject
Project("{FAE04EC0-301F-11D3-BF4B-00C04F79EFBC}") = "EntityWork", "EntityWork\EntityWork.csproj", "{FDC78E20-DAB9-4A1C-9232-A7789894277C}"
EndProject
Project("{FAE04EC0-301F-11D3-BF4B-00C04F79EFBC}") = "EntityFront", "EntityFront\EntityFront.csproj", "{A0256316-E0AD-431E-B57C-D746231BE9CD}"
EndProject
Project("{2150E333-8FDC-42A3-9474-1A3956D46DE8}") = "EFFullPack", "EFFullPack", "{3430AB67-F934-4660-87C1-30D3F7E95E66}"
EndProject
Project("{FAE04EC0-301F-11D3-BF4B-00C04F79EFBC}") = "Model", "Model\Model.csproj", "{270121CB-CAB0-4EBD-B955-5B17C6825D93}"
EndProject
Project("{FAE04EC0-301F-11D3-BF4B-00C04F79EFBC}") = "Test", "Test\Test.csproj", "{F899B74E-57F5-413E-8AE6-FA7E0A1F0DB8}"
EndProject
Project("{FAE04EC0-301F-11D3-BF4B-00C04F79EFBC}") = "Repository", "Repository\Repository.csproj", "{BAD47325-C535-43E6-A400-46973AC61E86}"
EndProject
Project("{FAE04EC0-301F-11D3-BF4B-00C04F79EFBC}") = "InterfaceEvent", "Command\InterfaceEvent.csproj", "{492FFBFA-CD51-40B7-AC14-68613F0F5BCC}"
EndProject
Project("{FAE04EC0-301F-11D3-BF4B-00C04F79EFBC}") = "FuncGeneric", "FuncGeneric\FuncGeneric.csproj", "{0865C343-7E37-43F7-955D-12D277F9D0B3}"
EndProject
Project("{FAE04EC0-301F-11D3-BF4B-00C04F79EFBC}") = "RepeaterBinding", "RepeaterBinding\RepeaterBinding.csproj", "{44909E4B-53B3-40E7-9266-94EB7A01175D}"
EndProject
Project("{FAE04EC0-301F-11D3-BF4B-00C04F79EFBC}") = "TaskFcty", "TaskFcty\TaskFcty.csproj", "{8DE95801-E7A0-4143-9C27-4BCCFCDF7695}"
EndProject
Project("{FAE04EC0-301F-11D3-BF4B-00C04F79EFBC}") = "CountDownEvent", "CountDownEvent\CountDownEvent.csproj", "{73C60CD8-5D83-430F-8A69-28EE4FF8B96F}"
EndProject
Project("{FAE04EC0-301F-11D3-BF4B-00C04F79EFBC}") = "QueuedEmailer", "QueuedEmailer\QueuedEmailer.csproj", "{34BABF58-1FDF-4352-8625-F46137FEC6FE}"
EndProject
Project("{2150E333-8FDC-42A3-9474-1A3956D46DE8}") = "QuickRound", "QuickRound", "{7D1445DB-630A-48F3-9B15-CD354F003921}"
EndProject
Project("{2150E333-8FDC-42A3-9474-1A3956D46DE8}") = "Solution Items", "Solution Items", "{30C7F0C1-B548-4782-8B74-3B29147DC5CE}"
	ProjectSection(SolutionItems) = preProject
		ReadMe.txt = ReadMe.txt
	EndProjectSection
EndProject
Project("{FAE04EC0-301F-11D3-BF4B-00C04F79EFBC}") = "IEnumerableDemo", "IEnumerableDemo\IEnumerableDemo.csproj", "{58CB1F80-4A49-4A3C-88C5-DAB712F2BBC3}"
EndProject
Project("{FAE04EC0-301F-11D3-BF4B-00C04F79EFBC}") = "HashTable", "HashTable\HashTable.csproj", "{F03A2E33-F61C-4978-AE17-31332CE04F44}"
EndProject
Global
	GlobalSection(SolutionConfigurationPlatforms) = preSolution
		Debug|Any CPU = Debug|Any CPU
		Release|Any CPU = Release|Any CPU
	EndGlobalSection
	GlobalSection(ProjectConfigurationPlatforms) = postSolution
		{254CCDAB-1D9E-419F-B2AB-F25B77B67791}.Debug|Any CPU.ActiveCfg = Debug|Any CPU
		{254CCDAB-1D9E-419F-B2AB-F25B77B67791}.Debug|Any CPU.Build.0 = Debug|Any CPU
		{254CCDAB-1D9E-419F-B2AB-F25B77B67791}.Release|Any CPU.ActiveCfg = Release|Any CPU
		{254CCDAB-1D9E-419F-B2AB-F25B77B67791}.Release|Any CPU.Build.0 = Release|Any CPU
		{8B7F46FA-6A86-47ED-82F6-C646D09250B6}.Debug|Any CPU.ActiveCfg = Debug|Any CPU
		{8B7F46FA-6A86-47ED-82F6-C646D09250B6}.Debug|Any CPU.Build.0 = Debug|Any CPU
		{8B7F46FA-6A86-47ED-82F6-C646D09250B6}.Release|Any CPU.ActiveCfg = Release|Any CPU
		{8B7F46FA-6A86-47ED-82F6-C646D09250B6}.Release|Any CPU.Build.0 = Release|Any CPU
		{447CA478-407D-4A99-A8D7-FFCEB5CF7277}.Debug|Any CPU.ActiveCfg = Debug|Any CPU
		{447CA478-407D-4A99-A8D7-FFCEB5CF7277}.Debug|Any CPU.Build.0 = Debug|Any CPU
		{447CA478-407D-4A99-A8D7-FFCEB5CF7277}.Release|Any CPU.ActiveCfg = Release|Any CPU
		{447CA478-407D-4A99-A8D7-FFCEB5CF7277}.Release|Any CPU.Build.0 = Release|Any CPU
		{7C54664A-092B-4249-9CCD-4BA99578977B}.Debug|Any CPU.ActiveCfg = Debug|Any CPU
		{7C54664A-092B-4249-9CCD-4BA99578977B}.Debug|Any CPU.Build.0 = Debug|Any CPU
		{7C54664A-092B-4249-9CCD-4BA99578977B}.Release|Any CPU.ActiveCfg = Release|Any CPU
		{7C54664A-092B-4249-9CCD-4BA99578977B}.Release|Any CPU.Build.0 = Release|Any CPU
		{FDC78E20-DAB9-4A1C-9232-A7789894277C}.Debug|Any CPU.ActiveCfg = Debug|Any CPU
		{FDC78E20-DAB9-4A1C-9232-A7789894277C}.Debug|Any CPU.Build.0 = Debug|Any CPU
		{FDC78E20-DAB9-4A1C-9232-A7789894277C}.Release|Any CPU.ActiveCfg = Release|Any CPU
		{FDC78E20-DAB9-4A1C-9232-A7789894277C}.Release|Any CPU.Build.0 = Release|Any CPU
		{A0256316-E0AD-431E-B57C-D746231BE9CD}.Debug|Any CPU.ActiveCfg = Debug|Any CPU
		{A0256316-E0AD-431E-B57C-D746231BE9CD}.Debug|Any CPU.Build.0 = Debug|Any CPU
		{A0256316-E0AD-431E-B57C-D746231BE9CD}.Release|Any CPU.ActiveCfg = Release|Any CPU
		{A0256316-E0AD-431E-B57C-D746231BE9CD}.Release|Any CPU.Build.0 = Release|Any CPU
		{270121CB-CAB0-4EBD-B955-5B17C6825D93}.Debug|Any CPU.ActiveCfg = Debug|Any CPU
		{270121CB-CAB0-4EBD-B955-5B17C6825D93}.Debug|Any CPU.Build.0 = Debug|Any CPU
		{270121CB-CAB0-4EBD-B955-5B17C6825D93}.Release|Any CPU.ActiveCfg = Release|Any CPU
		{270121CB-CAB0-4EBD-B955-5B17C6825D93}.Release|Any CPU.Build.0 = Release|Any CPU
		{F899B74E-57F5-413E-8AE6-FA7E0A1F0DB8}.Debug|Any CPU.ActiveCfg = Debug|Any CPU
		{F899B74E-57F5-413E-8AE6-FA7E0A1F0DB8}.Debug|Any CPU.Build.0 = Debug|Any CPU
		{F899B74E-57F5-413E-8AE6-FA7E0A1F0DB8}.Release|Any CPU.ActiveCfg = Release|Any CPU
		{F899B74E-57F5-413E-8AE6-FA7E0A1F0DB8}.Release|Any CPU.Build.0 = Release|Any CPU
		{BAD47325-C535-43E6-A400-46973AC61E86}.Debug|Any CPU.ActiveCfg = Debug|Any CPU
		{BAD47325-C535-43E6-A400-46973AC61E86}.Debug|Any CPU.Build.0 = Debug|Any CPU
		{BAD47325-C535-43E6-A400-46973AC61E86}.Release|Any CPU.ActiveCfg = Release|Any CPU
		{BAD47325-C535-43E6-A400-46973AC61E86}.Release|Any CPU.Build.0 = Release|Any CPU
		{492FFBFA-CD51-40B7-AC14-68613F0F5BCC}.Debug|Any CPU.ActiveCfg = Debug|Any CPU
		{492FFBFA-CD51-40B7-AC14-68613F0F5BCC}.Debug|Any CPU.Build.0 = Debug|Any CPU
		{492FFBFA-CD51-40B7-AC14-68613F0F5BCC}.Release|Any CPU.ActiveCfg = Release|Any CPU
		{492FFBFA-CD51-40B7-AC14-68613F0F5BCC}.Release|Any CPU.Build.0 = Release|Any CPU
		{0865C343-7E37-43F7-955D-12D277F9D0B3}.Debug|Any CPU.ActiveCfg = Debug|Any CPU
		{0865C343-7E37-43F7-955D-12D277F9D0B3}.Debug|Any CPU.Build.0 = Debug|Any CPU
		{0865C343-7E37-43F7-955D-12D277F9D0B3}.Release|Any CPU.ActiveCfg = Release|Any CPU
		{0865C343-7E37-43F7-955D-12D277F9D0B3}.Release|Any CPU.Build.0 = Release|Any CPU
		{44909E4B-53B3-40E7-9266-94EB7A01175D}.Debug|Any CPU.ActiveCfg = Debug|Any CPU
		{44909E4B-53B3-40E7-9266-94EB7A01175D}.Debug|Any CPU.Build.0 = Debug|Any CPU
		{44909E4B-53B3-40E7-9266-94EB7A01175D}.Release|Any CPU.ActiveCfg = Release|Any CPU
		{44909E4B-53B3-40E7-9266-94EB7A01175D}.Release|Any CPU.Build.0 = Release|Any CPU
		{8DE95801-E7A0-4143-9C27-4BCCFCDF7695}.Debug|Any CPU.ActiveCfg = Debug|Any CPU
		{8DE95801-E7A0-4143-9C27-4BCCFCDF7695}.Debug|Any CPU.Build.0 = Debug|Any CPU
		{8DE95801-E7A0-4143-9C27-4BCCFCDF7695}.Release|Any CPU.ActiveCfg = Release|Any CPU
		{8DE95801-E7A0-4143-9C27-4BCCFCDF7695}.Release|Any CPU.Build.0 = Release|Any CPU
		{73C60CD8-5D83-430F-8A69-28EE4FF8B96F}.Debug|Any CPU.ActiveCfg = Debug|Any CPU
		{73C60CD8-5D83-430F-8A69-28EE4FF8B96F}.Debug|Any CPU.Build.0 = Debug|Any CPU
		{73C60CD8-5D83-430F-8A69-28EE4FF8B96F}.Release|Any CPU.ActiveCfg = Release|Any CPU
		{73C60CD8-5D83-430F-8A69-28EE4FF8B96F}.Release|Any CPU.Build.0 = Release|Any CPU
		{34BABF58-1FDF-4352-8625-F46137FEC6FE}.Debug|Any CPU.ActiveCfg = Debug|Any CPU
		{34BABF58-1FDF-4352-8625-F46137FEC6FE}.Debug|Any CPU.Build.0 = Debug|Any CPU
		{34BABF58-1FDF-4352-8625-F46137FEC6FE}.Release|Any CPU.ActiveCfg = Release|Any CPU
		{34BABF58-1FDF-4352-8625-F46137FEC6FE}.Release|Any CPU.Build.0 = Release|Any CPU
		{58CB1F80-4A49-4A3C-88C5-DAB712F2BBC3}.Debug|Any CPU.ActiveCfg = Debug|Any CPU
		{58CB1F80-4A49-4A3C-88C5-DAB712F2BBC3}.Debug|Any CPU.Build.0 = Debug|Any CPU
		{58CB1F80-4A49-4A3C-88C5-DAB712F2BBC3}.Release|Any CPU.ActiveCfg = Release|Any CPU
		{58CB1F80-4A49-4A3C-88C5-DAB712F2BBC3}.Release|Any CPU.Build.0 = Release|Any CPU
		{F03A2E33-F61C-4978-AE17-31332CE04F44}.Debug|Any CPU.ActiveCfg = Debug|Any CPU
		{F03A2E33-F61C-4978-AE17-31332CE04F44}.Debug|Any CPU.Build.0 = Debug|Any CPU
		{F03A2E33-F61C-4978-AE17-31332CE04F44}.Release|Any CPU.ActiveCfg = Release|Any CPU
		{F03A2E33-F61C-4978-AE17-31332CE04F44}.Release|Any CPU.Build.0 = Release|Any CPU
	EndGlobalSection
	GlobalSection(SolutionProperties) = preSolution
		HideSolutionNode = FALSE
	EndGlobalSection
	GlobalSection(NestedProjects) = preSolution
		{254CCDAB-1D9E-419F-B2AB-F25B77B67791} = {737A4356-C956-4F3C-8BE8-F6C3C21D6623}
		{737A4356-C956-4F3C-8BE8-F6C3C21D6623} = {50B4AFCA-1397-4673-9D9A-9C226F2ECDD1}
		{8B7F46FA-6A86-47ED-82F6-C646D09250B6} = {7F5B82BB-EE08-4CB0-B3E5-1EF15B841956}
		{447CA478-407D-4A99-A8D7-FFCEB5CF7277} = {7F5B82BB-EE08-4CB0-B3E5-1EF15B841956}
		{7C54664A-092B-4249-9CCD-4BA99578977B} = {F30964C7-0FCE-4A84-8C7B-6FD9361F1CBC}
		{FDC78E20-DAB9-4A1C-9232-A7789894277C} = {7F5B82BB-EE08-4CB0-B3E5-1EF15B841956}
		{A0256316-E0AD-431E-B57C-D746231BE9CD} = {F30964C7-0FCE-4A84-8C7B-6FD9361F1CBC}
		{270121CB-CAB0-4EBD-B955-5B17C6825D93} = {3430AB67-F934-4660-87C1-30D3F7E95E66}
		{F899B74E-57F5-413E-8AE6-FA7E0A1F0DB8} = {3430AB67-F934-4660-87C1-30D3F7E95E66}
		{BAD47325-C535-43E6-A400-46973AC61E86} = {3430AB67-F934-4660-87C1-30D3F7E95E66}
		{492FFBFA-CD51-40B7-AC14-68613F0F5BCC} = {7D1445DB-630A-48F3-9B15-CD354F003921}
		{0865C343-7E37-43F7-955D-12D277F9D0B3} = {7D1445DB-630A-48F3-9B15-CD354F003921}
		{44909E4B-53B3-40E7-9266-94EB7A01175D} = {7D1445DB-630A-48F3-9B15-CD354F003921}
		{8DE95801-E7A0-4143-9C27-4BCCFCDF7695} = {7D1445DB-630A-48F3-9B15-CD354F003921}
		{73C60CD8-5D83-430F-8A69-28EE4FF8B96F} = {7D1445DB-630A-48F3-9B15-CD354F003921}
		{34BABF58-1FDF-4352-8625-F46137FEC6FE} = {7D1445DB-630A-48F3-9B15-CD354F003921}
		{58CB1F80-4A49-4A3C-88C5-DAB712F2BBC3} = {7D1445DB-630A-48F3-9B15-CD354F003921}
		{F03A2E33-F61C-4978-AE17-31332CE04F44} = {7D1445DB-630A-48F3-9B15-CD354F003921}
	EndGlobalSection
EndGlobal
