
Microsoft Visual Studio Solution File, Format Version 12.00
# Visual Studio 14
VisualStudioVersion = 14.0.25420.1
MinimumVisualStudioVersion = 10.0.40219.1
Project("{2150E333-8FDC-42A3-9474-1A3956D46DE8}") = "Documents", "Documents", "{FBBFECF2-F459-4180-8D27-30707EA3D91F}"
	ProjectSection(SolutionItems) = preProject
		Listing.txt = Listing.txt
	EndProjectSection
EndProject
Project("{2150E333-8FDC-42A3-9474-1A3956D46DE8}") = "Host", "Host", "{50B4AFCA-1397-4673-9D9A-9C226F2ECDD1}"
EndProject
Project("{FAE04EC0-301F-11D3-BF4B-00C04F79EFBC}") = "TopHost", "TopHost\TopHost.csproj", "{254CCDAB-1D9E-419F-B2AB-F25B77B67791}"
EndProject
Project("{2150E333-8FDC-42A3-9474-1A3956D46DE8}") = "TopShelf", "TopShelf", "{737A4356-C956-4F3C-8BE8-F6C3C21D6623}"
EndProject
Project("{2150E333-8FDC-42A3-9474-1A3956D46DE8}") = "Foundation", "Foundation", "{7F5B82BB-EE08-4CB0-B3E5-1EF15B841956}"
EndProject
Project("{FAE04EC0-301F-11D3-BF4B-00C04F79EFBC}") = "LoggerLib", "LoggerLib\LoggerLib.csproj", "{8B7F46FA-6A86-47ED-82F6-C646D09250B6}"
EndProject
Project("{FAE04EC0-301F-11D3-BF4B-00C04F79EFBC}") = "Structure", "StructureMap\Structure.csproj", "{447CA478-407D-4A99-A8D7-FFCEB5CF7277}"
EndProject
Project("{2150E333-8FDC-42A3-9474-1A3956D46DE8}") = "ClientUI", "ClientUI", "{F30964C7-0FCE-4A84-8C7B-6FD9361F1CBC}"
EndProject
Project("{FAE04EC0-301F-11D3-BF4B-00C04F79EFBC}") = "TaskLiftToUI", "ModelPicker\TaskLiftToUI.csproj", "{7C54664A-092B-4249-9CCD-4BA99578977B}"
EndProject
Project("{FAE04EC0-301F-11D3-BF4B-00C04F79EFBC}") = "EntityWork", "EntityWork\EntityWork.csproj", "{FDC78E20-DAB9-4A1C-9232-A7789894277C}"
EndProject
Project("{FAE04EC0-301F-11D3-BF4B-00C04F79EFBC}") = "EntityFront", "EntityFront\EntityFront.csproj", "{A0256316-E0AD-431E-B57C-D746231BE9CD}"
EndProject
Global
	GlobalSection(SolutionConfigurationPlatforms) = preSolution
		Debug|Any CPU = Debug|Any CPU
		Release|Any CPU = Release|Any CPU
	EndGlobalSection
	GlobalSection(ProjectConfigurationPlatforms) = postSolution
		{254CCDAB-1D9E-419F-B2AB-F25B77B67791}.Debug|Any CPU.ActiveCfg = Debug|Any CPU
		{254CCDAB-1D9E-419F-B2AB-F25B77B67791}.Debug|Any CPU.Build.0 = Debug|Any CPU
		{254CCDAB-1D9E-419F-B2AB-F25B77B67791}.Release|Any CPU.ActiveCfg = Release|Any CPU
		{254CCDAB-1D9E-419F-B2AB-F25B77B67791}.Release|Any CPU.Build.0 = Release|Any CPU
		{8B7F46FA-6A86-47ED-82F6-C646D09250B6}.Debug|Any CPU.ActiveCfg = Debug|Any CPU
		{8B7F46FA-6A86-47ED-82F6-C646D09250B6}.Debug|Any CPU.Build.0 = Debug|Any CPU
		{8B7F46FA-6A86-47ED-82F6-C646D09250B6}.Release|Any CPU.ActiveCfg = Release|Any CPU
		{8B7F46FA-6A86-47ED-82F6-C646D09250B6}.Release|Any CPU.Build.0 = Release|Any CPU
		{447CA478-407D-4A99-A8D7-FFCEB5CF7277}.Debug|Any CPU.ActiveCfg = Debug|Any CPU
		{447CA478-407D-4A99-A8D7-FFCEB5CF7277}.Debug|Any CPU.Build.0 = Debug|Any CPU
		{447CA478-407D-4A99-A8D7-FFCEB5CF7277}.Release|Any CPU.ActiveCfg = Release|Any CPU
		{447CA478-407D-4A99-A8D7-FFCEB5CF7277}.Release|Any CPU.Build.0 = Release|Any CPU
		{7C54664A-092B-4249-9CCD-4BA99578977B}.Debug|Any CPU.ActiveCfg = Debug|Any CPU
		{7C54664A-092B-4249-9CCD-4BA99578977B}.Debug|Any CPU.Build.0 = Debug|Any CPU
		{7C54664A-092B-4249-9CCD-4BA99578977B}.Release|Any CPU.ActiveCfg = Release|Any CPU
		{7C54664A-092B-4249-9CCD-4BA99578977B}.Release|Any CPU.Build.0 = Release|Any CPU
		{FDC78E20-DAB9-4A1C-9232-A7789894277C}.Debug|Any CPU.ActiveCfg = Debug|Any CPU
		{FDC78E20-DAB9-4A1C-9232-A7789894277C}.Debug|Any CPU.Build.0 = Debug|Any CPU
		{FDC78E20-DAB9-4A1C-9232-A7789894277C}.Release|Any CPU.ActiveCfg = Release|Any CPU
		{FDC78E20-DAB9-4A1C-9232-A7789894277C}.Release|Any CPU.Build.0 = Release|Any CPU
		{A0256316-E0AD-431E-B57C-D746231BE9CD}.Debug|Any CPU.ActiveCfg = Debug|Any CPU
		{A0256316-E0AD-431E-B57C-D746231BE9CD}.Debug|Any CPU.Build.0 = Debug|Any CPU
		{A0256316-E0AD-431E-B57C-D746231BE9CD}.Release|Any CPU.ActiveCfg = Release|Any CPU
		{A0256316-E0AD-431E-B57C-D746231BE9CD}.Release|Any CPU.Build.0 = Release|Any CPU
	EndGlobalSection
	GlobalSection(SolutionProperties) = preSolution
		HideSolutionNode = FALSE
	EndGlobalSection
	GlobalSection(NestedProjects) = preSolution
		{254CCDAB-1D9E-419F-B2AB-F25B77B67791} = {737A4356-C956-4F3C-8BE8-F6C3C21D6623}
		{737A4356-C956-4F3C-8BE8-F6C3C21D6623} = {50B4AFCA-1397-4673-9D9A-9C226F2ECDD1}
		{8B7F46FA-6A86-47ED-82F6-C646D09250B6} = {7F5B82BB-EE08-4CB0-B3E5-1EF15B841956}
		{447CA478-407D-4A99-A8D7-FFCEB5CF7277} = {7F5B82BB-EE08-4CB0-B3E5-1EF15B841956}
		{7C54664A-092B-4249-9CCD-4BA99578977B} = {F30964C7-0FCE-4A84-8C7B-6FD9361F1CBC}
		{FDC78E20-DAB9-4A1C-9232-A7789894277C} = {7F5B82BB-EE08-4CB0-B3E5-1EF15B841956}
		{A0256316-E0AD-431E-B57C-D746231BE9CD} = {F30964C7-0FCE-4A84-8C7B-6FD9361F1CBC}
	EndGlobalSection
EndGlobal
